<?xml version="1.0" encoding="utf-8"?>
<Project ToolsVersion="4.0" xmlns="http://schemas.microsoft.com/developer/msbuild/2003">
  <ItemGroup>
    <ClCompile Include="GraphicsSystem.cpp">
      <Filter>Source Files\Graphics</Filter>
    </ClCompile>
    <ClCompile Include="GraphicsBuffer.cpp">
      <Filter>Source Files\Graphics</Filter>
    </ClCompile>
    <ClCompile Include="Sprite.cpp">
      <Filter>Source Files\Graphics</Filter>
    </ClCompile>
    <ClCompile Include="Game.cpp">
      <Filter>Source Files\Util</Filter>
    </ClCompile>
    <ClCompile Include="main.cpp">
      <Filter>Source Files\Util</Filter>
    </ClCompile>
    <ClCompile Include="SpriteManager.cpp">
      <Filter>Source Files\Graphics</Filter>
    </ClCompile>
    <ClCompile Include="GraphicsBufferManager.cpp">
      <Filter>Source Files\Graphics</Filter>
    </ClCompile>
    <ClCompile Include="InputManager.cpp">
      <Filter>Source Files\Managers</Filter>
    </ClCompile>
    <ClCompile Include="BoxCollider2D.cpp">
      <Filter>Source Files\Collisions</Filter>
    </ClCompile>
    <ClCompile Include="Wall.cpp">
      <Filter>Source Files\Collisions</Filter>
    </ClCompile>
    <ClCompile Include="WallManager.cpp">
      <Filter>Source Files\Collisions</Filter>
    </ClCompile>
    <ClCompile Include="CircleCollider2D.cpp">
      <Filter>Source Files\Collisions</Filter>
    </ClCompile>
    <ClCompile Include="Networking\GameState.cpp">
      <Filter>Source Files</Filter>
    </ClCompile>
    <ClCompile Include="Networking\LobbyState.cpp">
      <Filter>Source Files</Filter>
    </ClCompile>
    <ClCompile Include="Networking\NetworkedGameState.cpp">
      <Filter>Source Files</Filter>
    </ClCompile>
    <ClCompile Include="Networking\State.cpp">
      <Filter>Source Files</Filter>
    </ClCompile>
    <ClCompile Include="Networking\DeanQueue.cpp">
      <Filter>Source Files</Filter>
    </ClCompile>
    <ClCompile Include="GameMessage.cpp">
      <Filter>Source Files\Messaging</Filter>
    </ClCompile>
    <ClCompile Include="GameMessageManager.cpp">
      <Filter>Source Files\Messaging</Filter>
    </ClCompile>
    <ClCompile Include="PlayerMoveToMessage.cpp">
      <Filter>Source Files\Messaging</Filter>
    </ClCompile>
  </ItemGroup>
  <ItemGroup>
    <ClInclude Include="GraphicsBuffer.h">
      <Filter>Header Files\Graphics</Filter>
    </ClInclude>
    <ClInclude Include="GraphicsSystem.h">
      <Filter>Header Files\Graphics</Filter>
    </ClInclude>
    <ClInclude Include="Sprite.h">
      <Filter>Header Files\Graphics</Filter>
    </ClInclude>
    <ClInclude Include="Defines.h">
      <Filter>Header Files\Util</Filter>
    </ClInclude>
    <ClInclude Include="Game.h">
      <Filter>Header Files\Util</Filter>
    </ClInclude>
    <ClInclude Include="SpriteManager.h">
      <Filter>Header Files\Graphics</Filter>
    </ClInclude>
    <ClInclude Include="GraphicsBufferManager.h">
      <Filter>Header Files\Graphics</Filter>
    </ClInclude>
    <ClInclude Include="InputManager.h">
      <Filter>Header Files\Managers</Filter>
    </ClInclude>
    <ClInclude Include="Wall.h">
      <Filter>Header Files\Collisions</Filter>
    </ClInclude>
    <ClInclude Include="BoxCollider2D.h">
      <Filter>Header Files\Collisions</Filter>
    </ClInclude>
    <ClInclude Include="WallManager.h">
      <Filter>Header Files\Collisions</Filter>
    </ClInclude>
    <ClInclude Include="CircleCollider2D.h">
      <Filter>Header Files\Collisions</Filter>
    </ClInclude>
    <ClInclude Include="Networking\GameState.h">
      <Filter>Header Files</Filter>
    </ClInclude>
    <ClInclude Include="Networking\LobbyState.h">
      <Filter>Header Files</Filter>
    </ClInclude>
    <ClInclude Include="Networking\Messages.h">
      <Filter>Header Files</Filter>
    </ClInclude>
    <ClInclude Include="Networking\NetworkedGameState.h">
      <Filter>Header Files</Filter>
    </ClInclude>
    <ClInclude Include="Networking\State.h">
      <Filter>Header Files</Filter>
    </ClInclude>
    <ClInclude Include="Networking\DeanQueue.h">
      <Filter>Header Files</Filter>
    </ClInclude>
    <ClInclude Include="Networking\Event.h">
      <Filter>Header Files</Filter>
    </ClInclude>
    <ClInclude Include="GameMessageManager.h">
      <Filter>Header Files\Messaging</Filter>
    </ClInclude>
    <ClInclude Include="GameMessage.h">
      <Filter>Header Files\Messaging</Filter>
    </ClInclude>
    <ClInclude Include="PlayerMoveToMessage.h">
      <Filter>Header Files\Messaging</Filter>
    </ClInclude>
  </ItemGroup>
  <ItemGroup>
    <Filter Include="Header Files">
      <UniqueIdentifier>{58071a7d-cbb0-4abd-9790-6b2e658844e3}</UniqueIdentifier>
    </Filter>
    <Filter Include="Source Files">
      <UniqueIdentifier>{30ffa034-0511-4b02-96bb-ac319241f08f}</UniqueIdentifier>
    </Filter>
    <Filter Include="Header Files\Graphics">
      <UniqueIdentifier>{a86be52d-b1f6-4f9f-a9e2-5f1081efbd57}</UniqueIdentifier>
    </Filter>
    <Filter Include="Header Files\Util">
      <UniqueIdentifier>{f1f8b550-13c6-4421-8c34-2355daeda283}</UniqueIdentifier>
    </Filter>
    <Filter Include="Source Files\Graphics">
      <UniqueIdentifier>{d9580c2a-964f-46dd-87dd-a4da057d3768}</UniqueIdentifier>
    </Filter>
    <Filter Include="Source Files\Util">
      <UniqueIdentifier>{23437882-c747-469d-ab3a-9f6b940a3517}</UniqueIdentifier>
    </Filter>
    <Filter Include="Header Files\Managers">
      <UniqueIdentifier>{2854fcd2-da0b-46f3-8c58-77da354dd502}</UniqueIdentifier>
    </Filter>
    <Filter Include="Source Files\Managers">
      <UniqueIdentifier>{38618756-eeb6-4214-88c7-89b26c3bc91b}</UniqueIdentifier>
    </Filter>
    <Filter Include="Header Files\Collisions">
      <UniqueIdentifier>{32edc0b2-4963-4c4b-9a50-bc4974c34cb1}</UniqueIdentifier>
    </Filter>
    <Filter Include="Source Files\Collisions">
      <UniqueIdentifier>{8a73bd66-b5fe-4fcc-8ac7-fffde537f861}</UniqueIdentifier>
    </Filter>
    <Filter Include="Header Files\Messaging">
      <UniqueIdentifier>{ada5273d-ad0e-4c8f-ba2a-dd70129e9494}</UniqueIdentifier>
    </Filter>
    <Filter Include="Source Files\Messaging">
      <UniqueIdentifier>{aeb166df-e2e7-40d0-9987-2ef2d89ec02f}</UniqueIdentifier>
    </Filter>
  </ItemGroup>
</Project>