<?xml version="1.0" encoding="utf-8"?>
<Project ToolsVersion="4.0" xmlns="http://schemas.microsoft.com/developer/msbuild/2003">
  <ItemGroup>
    <ClCompile Include="DynamicArriveSteering.cpp">
      <Filter>Source Files\Steering</Filter>
    </ClCompile>
    <ClCompile Include="DynamicSeekSteering.cpp">
      <Filter>Source Files\Steering</Filter>
    </ClCompile>
    <ClCompile Include="KinematicArriveSteering.cpp">
      <Filter>Source Files\Steering</Filter>
    </ClCompile>
    <ClCompile Include="KinematicSeekSteering.cpp">
      <Filter>Source Files\Steering</Filter>
    </ClCompile>
    <ClCompile Include="KinematicWanderSteering.cpp">
      <Filter>Source Files\Steering</Filter>
    </ClCompile>
    <ClCompile Include="GameMessage.cpp">
      <Filter>Source Files\Messaging</Filter>
    </ClCompile>
    <ClCompile Include="GameMessageManager.cpp">
      <Filter>Source Files\Messaging</Filter>
    </ClCompile>
    <ClCompile Include="GraphicsSystem.cpp">
      <Filter>Source Files\Graphics</Filter>
    </ClCompile>
    <ClCompile Include="GraphicsBuffer.cpp">
      <Filter>Source Files\Graphics</Filter>
    </ClCompile>
    <ClCompile Include="Kinematic.cpp">
      <Filter>Source Files\Units</Filter>
    </ClCompile>
    <ClCompile Include="KinematicUnit.cpp">
      <Filter>Source Files\Units</Filter>
    </ClCompile>
    <ClCompile Include="PlayerMoveToMessage.cpp">
      <Filter>Source Files\Messaging</Filter>
    </ClCompile>
    <ClCompile Include="Sprite.cpp">
      <Filter>Source Files\Graphics</Filter>
    </ClCompile>
    <ClCompile Include="Steering.cpp">
      <Filter>Source Files\Steering</Filter>
    </ClCompile>
    <ClCompile Include="Game.cpp">
      <Filter>Source Files\Util</Filter>
    </ClCompile>
    <ClCompile Include="main.cpp">
      <Filter>Source Files\Util</Filter>
    </ClCompile>
    <ClCompile Include="SpriteManager.cpp">
      <Filter>Source Files\Graphics</Filter>
    </ClCompile>
    <ClCompile Include="GraphicsBufferManager.cpp">
      <Filter>Source Files\Graphics</Filter>
    </ClCompile>
    <ClCompile Include="UnitManager.cpp">
      <Filter>Source Files\Managers</Filter>
    </ClCompile>
    <ClCompile Include="InputManager.cpp">
      <Filter>Source Files\Managers</Filter>
    </ClCompile>
    <ClCompile Include="DeleteEnemyMessage.cpp">
      <Filter>Source Files\Messaging</Filter>
    </ClCompile>
    <ClCompile Include="EndGameMessage.cpp">
      <Filter>Source Files\Messaging</Filter>
    </ClCompile>
    <ClCompile Include="DynamicWanderAndSeekSteering.cpp">
      <Filter>Source Files\Steering</Filter>
    </ClCompile>
    <ClCompile Include="SpawnEnemyMessage.cpp">
      <Filter>Source Files\Messaging</Filter>
    </ClCompile>
    <ClCompile Include="UI.cpp">
      <Filter>Source Files\UI</Filter>
    </ClCompile>
    <ClCompile Include="ToggleDebugMessage.cpp">
      <Filter>Source Files\Messaging</Filter>
    </ClCompile>
    <ClCompile Include="EditDebugValueMessage.cpp">
      <Filter>Source Files\Messaging</Filter>
    </ClCompile>
    <ClCompile Include="ChangeDebugModeMessage.cpp">
      <Filter>Source Files\Messaging</Filter>
    </ClCompile>
    <ClCompile Include="SeparationSteering.cpp">
      <Filter>Source Files\Steering</Filter>
    </ClCompile>
    <ClCompile Include="BoxCollider2D.cpp">
      <Filter>Source Files\Collisions</Filter>
    </ClCompile>
    <ClCompile Include="Wall.cpp">
      <Filter>Source Files\Collisions</Filter>
    </ClCompile>
    <ClCompile Include="WallManager.cpp">
      <Filter>Source Files\Collisions</Filter>
    </ClCompile>
    <ClCompile Include="CohesionSteering.cpp">
      <Filter>Source Files\Steering</Filter>
    </ClCompile>
    <ClCompile Include="AlightmentSteering.cpp">
      <Filter>Source Files\Steering</Filter>
    </ClCompile>
    <ClCompile Include="VelocityMatchingSteering.cpp">
      <Filter>Source Files\Steering</Filter>
    </ClCompile>
    <ClCompile Include="BoidSteering.cpp">
      <Filter>Source Files\Steering</Filter>
    </ClCompile>
    <ClCompile Include="SpawnBoidMessage.cpp">
      <Filter>Source Files\Messaging</Filter>
    </ClCompile>
    <ClCompile Include="CircleCollider2D.cpp">
      <Filter>Source Files\Collisions</Filter>
    </ClCompile>
    <ClCompile Include="Networking\GameState.cpp">
      <Filter>Source Files</Filter>
    </ClCompile>
    <ClCompile Include="Networking\LobbyState.cpp">
      <Filter>Source Files</Filter>
    </ClCompile>
    <ClCompile Include="Networking\NetworkedGameState.cpp">
      <Filter>Source Files</Filter>
    </ClCompile>
    <ClCompile Include="Networking\State.cpp">
      <Filter>Source Files</Filter>
    </ClCompile>
    <ClCompile Include="Networking\DeanQueue.cpp">
      <Filter>Source Files</Filter>
    </ClCompile>
    <ClCompile Include="Networking\Event.cpp">
      <Filter>Source Files</Filter>
    </ClCompile>
    <ClCompile Include="Networking\ModifyWeightEvent.cpp">
      <Filter>Source Files</Filter>
    </ClCompile>
    <ClCompile Include="Player.cpp">
      <Filter>Source Files\Units</Filter>
    </ClCompile>
  </ItemGroup>
  <ItemGroup>
    <ClInclude Include="GraphicsBuffer.h">
      <Filter>Header Files\Graphics</Filter>
    </ClInclude>
    <ClInclude Include="GraphicsSystem.h">
      <Filter>Header Files\Graphics</Filter>
    </ClInclude>
    <ClInclude Include="Sprite.h">
      <Filter>Header Files\Graphics</Filter>
    </ClInclude>
    <ClInclude Include="KinematicUnit.h">
      <Filter>Header Files\Units</Filter>
    </ClInclude>
    <ClInclude Include="Kinematic.h">
      <Filter>Header Files\Units</Filter>
    </ClInclude>
    <ClInclude Include="DynamicArriveSteering.h">
      <Filter>Header Files\Steering</Filter>
    </ClInclude>
    <ClInclude Include="DynamicSeekSteering.h">
      <Filter>Header Files\Steering</Filter>
    </ClInclude>
    <ClInclude Include="KinematicArriveSteering.h">
      <Filter>Header Files\Steering</Filter>
    </ClInclude>
    <ClInclude Include="KinematicSeekSteering.h">
      <Filter>Header Files\Steering</Filter>
    </ClInclude>
    <ClInclude Include="KinematicWanderSteering.h">
      <Filter>Header Files\Steering</Filter>
    </ClInclude>
    <ClInclude Include="Steering.h">
      <Filter>Header Files\Steering</Filter>
    </ClInclude>
    <ClInclude Include="GameMessage.h">
      <Filter>Header Files\Messaging</Filter>
    </ClInclude>
    <ClInclude Include="GameMessageManager.h">
      <Filter>Header Files\Messaging</Filter>
    </ClInclude>
    <ClInclude Include="PlayerMoveToMessage.h">
      <Filter>Header Files\Messaging</Filter>
    </ClInclude>
    <ClInclude Include="Defines.h">
      <Filter>Header Files\Util</Filter>
    </ClInclude>
    <ClInclude Include="Game.h">
      <Filter>Header Files\Util</Filter>
    </ClInclude>
    <ClInclude Include="SpriteManager.h">
      <Filter>Header Files\Graphics</Filter>
    </ClInclude>
    <ClInclude Include="GraphicsBufferManager.h">
      <Filter>Header Files\Graphics</Filter>
    </ClInclude>
    <ClInclude Include="UnitManager.h">
      <Filter>Header Files\Managers</Filter>
    </ClInclude>
    <ClInclude Include="InputManager.h">
      <Filter>Header Files\Managers</Filter>
    </ClInclude>
    <ClInclude Include="DeleteEnemyMessage.h">
      <Filter>Header Files\Messaging</Filter>
    </ClInclude>
    <ClInclude Include="EndGameMessage.h">
      <Filter>Header Files\Messaging</Filter>
    </ClInclude>
    <ClInclude Include="DynamicWanderAndSeekSteering.h">
      <Filter>Header Files\Steering</Filter>
    </ClInclude>
    <ClInclude Include="SpawnEnemyMessage.h">
      <Filter>Header Files\Messaging</Filter>
    </ClInclude>
    <ClInclude Include="Behaviors.h">
      <Filter>Header Files\Steering</Filter>
    </ClInclude>
    <ClInclude Include="UI.h">
      <Filter>Header Files\UI</Filter>
    </ClInclude>
    <ClInclude Include="ToggleDebugMessage.h">
      <Filter>Header Files\Messaging</Filter>
    </ClInclude>
    <ClInclude Include="EditDebugValueMessage.h">
      <Filter>Header Files\Messaging</Filter>
    </ClInclude>
    <ClInclude Include="ChangeDebugModeMessage.h">
      <Filter>Header Files\Messaging</Filter>
    </ClInclude>
    <ClInclude Include="SeparationSteering.h">
      <Filter>Header Files\Steering</Filter>
    </ClInclude>
    <ClInclude Include="Wall.h">
      <Filter>Header Files\Collisions</Filter>
    </ClInclude>
    <ClInclude Include="BoxCollider2D.h">
      <Filter>Header Files\Collisions</Filter>
    </ClInclude>
    <ClInclude Include="WallManager.h">
      <Filter>Header Files\Collisions</Filter>
    </ClInclude>
    <ClInclude Include="CohesionSteering.h">
      <Filter>Header Files\Steering</Filter>
    </ClInclude>
    <ClInclude Include="VelocityMatchingSteering.h">
      <Filter>Header Files\Steering</Filter>
    </ClInclude>
    <ClInclude Include="AlightmentSteering.h">
      <Filter>Header Files\Steering</Filter>
    </ClInclude>
    <ClInclude Include="BoidSteering.h">
      <Filter>Header Files\Steering</Filter>
    </ClInclude>
    <ClInclude Include="SpawnBoidMessage.h">
      <Filter>Header Files\Messaging</Filter>
    </ClInclude>
    <ClInclude Include="CircleCollider2D.h">
      <Filter>Header Files\Collisions</Filter>
    </ClInclude>
    <ClInclude Include="Networking\GameState.h">
      <Filter>Header Files</Filter>
    </ClInclude>
    <ClInclude Include="Networking\LobbyState.h">
      <Filter>Header Files</Filter>
    </ClInclude>
    <ClInclude Include="Networking\Messages.h">
      <Filter>Header Files</Filter>
    </ClInclude>
    <ClInclude Include="Networking\NetworkedGameState.h">
      <Filter>Header Files</Filter>
    </ClInclude>
    <ClInclude Include="Networking\State.h">
      <Filter>Header Files</Filter>
    </ClInclude>
    <ClInclude Include="Networking\DeanQueue.h">
      <Filter>Header Files</Filter>
    </ClInclude>
    <ClInclude Include="Networking\ModifyWeightEvent.h">
      <Filter>Header Files</Filter>
    </ClInclude>
    <ClInclude Include="Networking\Event.h">
      <Filter>Header Files</Filter>
    </ClInclude>
    <ClInclude Include="Player.h">
      <Filter>Header Files\Units</Filter>
    </ClInclude>
  </ItemGroup>
  <ItemGroup>
    <Filter Include="Header Files">
      <UniqueIdentifier>{58071a7d-cbb0-4abd-9790-6b2e658844e3}</UniqueIdentifier>
    </Filter>
    <Filter Include="Source Files">
      <UniqueIdentifier>{30ffa034-0511-4b02-96bb-ac319241f08f}</UniqueIdentifier>
    </Filter>
    <Filter Include="Header Files\Graphics">
      <UniqueIdentifier>{a86be52d-b1f6-4f9f-a9e2-5f1081efbd57}</UniqueIdentifier>
    </Filter>
    <Filter Include="Header Files\Units">
      <UniqueIdentifier>{26445efa-7c39-4c21-90ae-870498e58f16}</UniqueIdentifier>
    </Filter>
    <Filter Include="Header Files\Steering">
      <UniqueIdentifier>{72ced478-f532-407f-b1dd-b86e7a70d554}</UniqueIdentifier>
    </Filter>
    <Filter Include="Header Files\Messaging">
      <UniqueIdentifier>{10a6d440-6024-40e5-85be-fa43cefafc34}</UniqueIdentifier>
    </Filter>
    <Filter Include="Header Files\Util">
      <UniqueIdentifier>{f1f8b550-13c6-4421-8c34-2355daeda283}</UniqueIdentifier>
    </Filter>
    <Filter Include="Source Files\Graphics">
      <UniqueIdentifier>{d9580c2a-964f-46dd-87dd-a4da057d3768}</UniqueIdentifier>
    </Filter>
    <Filter Include="Source Files\Messaging">
      <UniqueIdentifier>{db5bf32e-639d-4ac3-8ada-24db94aa84d2}</UniqueIdentifier>
    </Filter>
    <Filter Include="Source Files\Util">
      <UniqueIdentifier>{23437882-c747-469d-ab3a-9f6b940a3517}</UniqueIdentifier>
    </Filter>
    <Filter Include="Source Files\Steering">
      <UniqueIdentifier>{f05039fa-fecc-4595-b12b-a5ec331714d4}</UniqueIdentifier>
    </Filter>
    <Filter Include="Source Files\Units">
      <UniqueIdentifier>{820b8d07-ae99-4b13-b15d-e6e6c1e3fbbc}</UniqueIdentifier>
    </Filter>
    <Filter Include="Header Files\Managers">
      <UniqueIdentifier>{2854fcd2-da0b-46f3-8c58-77da354dd502}</UniqueIdentifier>
    </Filter>
    <Filter Include="Source Files\Managers">
      <UniqueIdentifier>{38618756-eeb6-4214-88c7-89b26c3bc91b}</UniqueIdentifier>
    </Filter>
    <Filter Include="Source Files\UI">
      <UniqueIdentifier>{67d43031-5d02-471b-aa41-7ecd9fdfc108}</UniqueIdentifier>
    </Filter>
    <Filter Include="Header Files\UI">
      <UniqueIdentifier>{64cba93e-ac63-4453-af84-c352db18cf0a}</UniqueIdentifier>
    </Filter>
    <Filter Include="Header Files\Collisions">
      <UniqueIdentifier>{32edc0b2-4963-4c4b-9a50-bc4974c34cb1}</UniqueIdentifier>
    </Filter>
    <Filter Include="Source Files\Collisions">
      <UniqueIdentifier>{8a73bd66-b5fe-4fcc-8ac7-fffde537f861}</UniqueIdentifier>
    </Filter>
  </ItemGroup>
</Project>